
Microsoft Visual Studio Solution File, Format Version 12.00
# Visual Studio Version 17
VisualStudioVersion = 17.12.35506.116
MinimumVisualStudioVersion = 10.0.40219.1
Project("{FAE04EC0-301F-11D3-BF4B-00C04F79EFBC}") = "UseCaseApplication", "UseCaseApplication.csproj", "{910F4718-ED1E-4C51-B9FA-C6C989EA6507}"
EndProject
Project("{FAE04EC0-301F-11D3-BF4B-00C04F79EFBC}") = "TestProject", "..\..\TestProject\TestProject.csproj", "{367CFC70-D0F4-7217-9FA4-AE654D8BB1A0}"
EndProject
Global
	GlobalSection(SolutionConfigurationPlatforms) = preSolution
		Debug|Any CPU = Debug|Any CPU
		Release|Any CPU = Release|Any CPU
	EndGlobalSection
	GlobalSection(ProjectConfigurationPlatforms) = postSolution
		{910F4718-ED1E-4C51-B9FA-C6C989EA6507}.Debug|Any CPU.ActiveCfg = Debug|Any CPU
		{910F4718-ED1E-4C51-B9FA-C6C989EA6507}.Debug|Any CPU.Build.0 = Debug|Any CPU
		{910F4718-ED1E-4C51-B9FA-C6C989EA6507}.Release|Any CPU.ActiveCfg = Release|Any CPU
		{910F4718-ED1E-4C51-B9FA-C6C989EA6507}.Release|Any CPU.Build.0 = Release|Any CPU
		{367CFC70-D0F4-7217-9FA4-AE654D8BB1A0}.Debug|Any CPU.ActiveCfg = Debug|Any CPU
		{367CFC70-D0F4-7217-9FA4-AE654D8BB1A0}.Debug|Any CPU.Build.0 = Debug|Any CPU
		{367CFC70-D0F4-7217-9FA4-AE654D8BB1A0}.Release|Any CPU.ActiveCfg = Release|Any CPU
		{367CFC70-D0F4-7217-9FA4-AE654D8BB1A0}.Release|Any CPU.Build.0 = Release|Any CPU
	EndGlobalSection
	GlobalSection(SolutionProperties) = preSolution
		HideSolutionNode = FALSE
	EndGlobalSection
	GlobalSection(ExtensibilityGlobals) = postSolution
		SolutionGuid = {492AAC16-3A0C-4F81-8F46-2316AB11016D}
	EndGlobalSection
EndGlobal
